// !$*UTF8*$!
{
	archiveVersion = 1;
	classes = {
	};
	objectVersion = 56;
	objects = {

/* Begin PBXBuildFile section */
		3D16D84F29DE54B100A2F51A /* Event.swift in Sources */ = {isa = PBXBuildFile; fileRef = 3D16D84E29DE54B100A2F51A /* Event.swift */; };
		3D16D85329DE5CFF00A2F51A /* DateExtensions.swift in Sources */ = {isa = PBXBuildFile; fileRef = 3D16D85229DE5CFF00A2F51A /* DateExtensions.swift */; };
		3D46E1BA2A61A12A0067FCC4 /* EventSuggestionView.swift in Sources */ = {isa = PBXBuildFile; fileRef = 3D46E1B92A61A12A0067FCC4 /* EventSuggestionView.swift */; };
		3D46E1BD2A61A5C70067FCC4 /* ScreenNavigation.swift in Sources */ = {isa = PBXBuildFile; fileRef = 3D46E1BC2A61A5C70067FCC4 /* ScreenNavigation.swift */; };
		3D46E1BF2A61A6C20067FCC4 /* AppData.swift in Sources */ = {isa = PBXBuildFile; fileRef = 3D46E1BE2A61A6C20067FCC4 /* AppData.swift */; };
		3D46E1C22A61A7F60067FCC4 /* UIExtensinons.swift in Sources */ = {isa = PBXBuildFile; fileRef = 3D46E1C12A61A7F60067FCC4 /* UIExtensinons.swift */; };
		3D46E1C42A61A8F60067FCC4 /* ImageConstants.swift in Sources */ = {isa = PBXBuildFile; fileRef = 3D46E1C32A61A8F60067FCC4 /* ImageConstants.swift */; };
		3D46E1C62A61AA8B0067FCC4 /* ColorExtensions.swift in Sources */ = {isa = PBXBuildFile; fileRef = 3D46E1C52A61AA8B0067FCC4 /* ColorExtensions.swift */; };
		3D46E1C82A61AAD80067FCC4 /* StringExtensions.swift in Sources */ = {isa = PBXBuildFile; fileRef = 3D46E1C72A61AAD80067FCC4 /* StringExtensions.swift */; };
		3D46E1CA2A61AD7D0067FCC4 /* SecondaryButtonView.swift in Sources */ = {isa = PBXBuildFile; fileRef = 3D46E1C92A61AD7D0067FCC4 /* SecondaryButtonView.swift */; };
		3D46E1CE2A61CE000067FCC4 /* IntExtensions.swift in Sources */ = {isa = PBXBuildFile; fileRef = 3D46E1CD2A61CE000067FCC4 /* IntExtensions.swift */; };
		3D46E1D02A61CF450067FCC4 /* AlertUtils.swift in Sources */ = {isa = PBXBuildFile; fileRef = 3D46E1CF2A61CF450067FCC4 /* AlertUtils.swift */; };
		3D46E1D52A61D75A0067FCC4 /* FontsConstants.swift in Sources */ = {isa = PBXBuildFile; fileRef = 3D46E1D42A61D75A0067FCC4 /* FontsConstants.swift */; };
		3D46E1D72A61DFA80067FCC4 /* ColorConstants.swift in Sources */ = {isa = PBXBuildFile; fileRef = 3D46E1D62A61DFA80067FCC4 /* ColorConstants.swift */; };
		3D46E1D92A61E7890067FCC4 /* LocalizableStrings.swift in Sources */ = {isa = PBXBuildFile; fileRef = 3D46E1D82A61E7890067FCC4 /* LocalizableStrings.swift */; };
		3D46E1E12A61EF5A0067FCC4 /* Inter-Bold.ttf in Resources */ = {isa = PBXBuildFile; fileRef = 3D46E1DA2A61EF5A0067FCC4 /* Inter-Bold.ttf */; };
		3D46E1E22A61EF5A0067FCC4 /* Inter-SemiBold.ttf in Resources */ = {isa = PBXBuildFile; fileRef = 3D46E1DB2A61EF5A0067FCC4 /* Inter-SemiBold.ttf */; };
		3D46E1E32A61EF5A0067FCC4 /* Inter-Medium.ttf in Resources */ = {isa = PBXBuildFile; fileRef = 3D46E1DC2A61EF5A0067FCC4 /* Inter-Medium.ttf */; };
		3D46E1E42A61EF5A0067FCC4 /* NeoSansStd-Regular.otf in Resources */ = {isa = PBXBuildFile; fileRef = 3D46E1DD2A61EF5A0067FCC4 /* NeoSansStd-Regular.otf */; };
		3D46E1E52A61EF5A0067FCC4 /* NeoSansStd-Bold.otf in Resources */ = {isa = PBXBuildFile; fileRef = 3D46E1DE2A61EF5A0067FCC4 /* NeoSansStd-Bold.otf */; };
		3D46E1E62A61EF5A0067FCC4 /* Inter-Regular.ttf in Resources */ = {isa = PBXBuildFile; fileRef = 3D46E1DF2A61EF5A0067FCC4 /* Inter-Regular.ttf */; };
		3D46E1E72A61EF5A0067FCC4 /* NeoSansStd-Medium.otf in Resources */ = {isa = PBXBuildFile; fileRef = 3D46E1E02A61EF5A0067FCC4 /* NeoSansStd-Medium.otf */; };
		3D46E1E92A61F2370067FCC4 /* CustomComponentViews.swift in Sources */ = {isa = PBXBuildFile; fileRef = 3D46E1E82A61F2370067FCC4 /* CustomComponentViews.swift */; };
		3D46E1EC2A61F5CC0067FCC4 /* InAppWebView.swift in Sources */ = {isa = PBXBuildFile; fileRef = 3D46E1EB2A61F5CC0067FCC4 /* InAppWebView.swift */; };
		3D46E1F82A6213250067FCC4 /* UIAppGradient.swift in Sources */ = {isa = PBXBuildFile; fileRef = 3D46E1F72A6213250067FCC4 /* UIAppGradient.swift */; };
		3D46E1FC2A6227430067FCC4 /* NavigationBarTitleView.swift in Sources */ = {isa = PBXBuildFile; fileRef = 3D46E1FB2A6227430067FCC4 /* NavigationBarTitleView.swift */; };
		3D46E2022A6244570067FCC4 /* Singleton.swift in Sources */ = {isa = PBXBuildFile; fileRef = 3D46E2012A6244570067FCC4 /* Singleton.swift */; };
		3D46E2062A6249020067FCC4 /* Localizable.strings in Resources */ = {isa = PBXBuildFile; fileRef = 3D46E2082A6249020067FCC4 /* Localizable.strings */; };
		3D46E20B2A62496A0067FCC4 /* Localizable.strings in Resources */ = {isa = PBXBuildFile; fileRef = 3D46E20D2A62496A0067FCC4 /* Localizable.strings */; };
		3D46E2112A6278F30067FCC4 /* EventView.swift in Sources */ = {isa = PBXBuildFile; fileRef = 3D46E2102A6278F30067FCC4 /* EventView.swift */; };
		3D46E2132A632A6F0067FCC4 /* WeeklyDaysRowView.swift in Sources */ = {isa = PBXBuildFile; fileRef = 3D46E2122A632A6F0067FCC4 /* WeeklyDaysRowView.swift */; };
		3D807FC429CF255A00968D14 /* ListMyMemoryApp.swift in Sources */ = {isa = PBXBuildFile; fileRef = 3D807FC329CF255A00968D14 /* ListMyMemoryApp.swift */; };
		3D807FC829CF255B00968D14 /* Assets.xcassets in Resources */ = {isa = PBXBuildFile; fileRef = 3D807FC729CF255B00968D14 /* Assets.xcassets */; };
		3D807FCB29CF255B00968D14 /* Preview Assets.xcassets in Resources */ = {isa = PBXBuildFile; fileRef = 3D807FCA29CF255B00968D14 /* Preview Assets.xcassets */; };
		3D807FD529CF255B00968D14 /* ListMyMemoryTests.swift in Sources */ = {isa = PBXBuildFile; fileRef = 3D807FD429CF255B00968D14 /* ListMyMemoryTests.swift */; };
		3D807FDF29CF255B00968D14 /* ListMyMemoryUITests.swift in Sources */ = {isa = PBXBuildFile; fileRef = 3D807FDE29CF255B00968D14 /* ListMyMemoryUITests.swift */; };
		3D807FE129CF255B00968D14 /* ListMyMemoryUITestsLaunchTests.swift in Sources */ = {isa = PBXBuildFile; fileRef = 3D807FE029CF255B00968D14 /* ListMyMemoryUITestsLaunchTests.swift */; };
		3D807FF929CF388700968D14 /* HomeView.swift in Sources */ = {isa = PBXBuildFile; fileRef = 3D807FF829CF388700968D14 /* HomeView.swift */; };
		3D80800A29CF5FE900968D14 /* LoginView.swift in Sources */ = {isa = PBXBuildFile; fileRef = 3D80800929CF5FE800968D14 /* LoginView.swift */; };
		3D80800E29CF61B800968D14 /* InputTextFieldView.swift in Sources */ = {isa = PBXBuildFile; fileRef = 3D80800D29CF61B800968D14 /* InputTextFieldView.swift */; };
		3D80801129CF669100968D14 /* PreviewLayoutComponentModifier.swift in Sources */ = {isa = PBXBuildFile; fileRef = 3D80801029CF669100968D14 /* PreviewLayoutComponentModifier.swift */; };
		3D80801329CF67F900968D14 /* InputPasswordView.swift in Sources */ = {isa = PBXBuildFile; fileRef = 3D80801229CF67F900968D14 /* InputPasswordView.swift */; };
		3D80801529CF6A3100968D14 /* PrimaryButtonView.swift in Sources */ = {isa = PBXBuildFile; fileRef = 3D80801429CF6A3100968D14 /* PrimaryButtonView.swift */; };
		3DC0489B2A6636A200D822A2 /* EventService.swift in Sources */ = {isa = PBXBuildFile; fileRef = 3DC0489A2A6636A200D822A2 /* EventService.swift */; };
		3DC0489D2A664B7900D822A2 /* EventViewModel.swift in Sources */ = {isa = PBXBuildFile; fileRef = 3DC0489C2A664B7900D822A2 /* EventViewModel.swift */; };
		3DC0489F2A664D8200D822A2 /* FirebaseConstants.swift in Sources */ = {isa = PBXBuildFile; fileRef = 3DC0489E2A664D8200D822A2 /* FirebaseConstants.swift */; };
		3DC048A52A68695800D822A2 /* ListsViewModel.swift in Sources */ = {isa = PBXBuildFile; fileRef = 3DC048A42A68695800D822A2 /* ListsViewModel.swift */; };
		3DC048A72A68696F00D822A2 /* ListsService.swift in Sources */ = {isa = PBXBuildFile; fileRef = 3DC048A62A68696F00D822A2 /* ListsService.swift */; };
		3DDEA06129CF707D00908558 /* FirebaseAuth in Frameworks */ = {isa = PBXBuildFile; productRef = 3DDEA06029CF707D00908558 /* FirebaseAuth */; };
		3DDEA06329CF707D00908558 /* FirebaseDatabase in Frameworks */ = {isa = PBXBuildFile; productRef = 3DDEA06229CF707D00908558 /* FirebaseDatabase */; };
		3DDEA06729CF75E700908558 /* RegisterView.swift in Sources */ = {isa = PBXBuildFile; fileRef = 3DDEA06629CF75E700908558 /* RegisterView.swift */; };
		3DDEA06929CF770600908558 /* CloseModifier.swift in Sources */ = {isa = PBXBuildFile; fileRef = 3DDEA06829CF770600908558 /* CloseModifier.swift */; };
		3DDEA06E29CF7BE600908558 /* ForgotPasswordView.swift in Sources */ = {isa = PBXBuildFile; fileRef = 3DDEA06D29CF7BE600908558 /* ForgotPasswordView.swift */; };
		3DDEA07129CF7F4500908558 /* RegistrationDetails.swift in Sources */ = {isa = PBXBuildFile; fileRef = 3DDEA07029CF7F4500908558 /* RegistrationDetails.swift */; };
		3DDEA07429CF7FAC00908558 /* RegistrationService.swift in Sources */ = {isa = PBXBuildFile; fileRef = 3DDEA07329CF7FAC00908558 /* RegistrationService.swift */; };
		3DDEA07729CF831500908558 /* RegistrationViewModel.swift in Sources */ = {isa = PBXBuildFile; fileRef = 3DDEA07629CF831500908558 /* RegistrationViewModel.swift */; };
		3DDEA07B29CF87A900908558 /* SessionUserDetails.swift in Sources */ = {isa = PBXBuildFile; fileRef = 3DDEA07A29CF87A900908558 /* SessionUserDetails.swift */; };
		3DDEA07E29CF87EF00908558 /* SessionService.swift in Sources */ = {isa = PBXBuildFile; fileRef = 3DDEA07D29CF87EF00908558 /* SessionService.swift */; };
		3DDEA08129CF8D8D00908558 /* LoginCredentials.swift in Sources */ = {isa = PBXBuildFile; fileRef = 3DDEA08029CF8D8D00908558 /* LoginCredentials.swift */; };
		3DDEA08429CF8DCE00908558 /* LoginService.swift in Sources */ = {isa = PBXBuildFile; fileRef = 3DDEA08329CF8DCE00908558 /* LoginService.swift */; };
		3DDEA08729CF8F0900908558 /* LoginViewModel.swift in Sources */ = {isa = PBXBuildFile; fileRef = 3DDEA08629CF8F0900908558 /* LoginViewModel.swift */; };
		3DDEA08A29CF92BB00908558 /* ForgotPasswordService.swift in Sources */ = {isa = PBXBuildFile; fileRef = 3DDEA08929CF92BB00908558 /* ForgotPasswordService.swift */; };
		3DDEA08D29CF941900908558 /* ForgotPasswordViewModel.swift in Sources */ = {isa = PBXBuildFile; fileRef = 3DDEA08C29CF941900908558 /* ForgotPasswordViewModel.swift */; };
		3DDEA09129CFA11700908558 /* SettingsView.swift in Sources */ = {isa = PBXBuildFile; fileRef = 3DDEA09029CFA11700908558 /* SettingsView.swift */; };
		3DDEA09329CFAA9100908558 /* EventRowView.swift in Sources */ = {isa = PBXBuildFile; fileRef = 3DDEA09229CFAA9100908558 /* EventRowView.swift */; };
		3DDEA09529CFAE8E00908558 /* GoogleService-Info.plist in Resources */ = {isa = PBXBuildFile; fileRef = 3DDEA09429CFAE8E00908558 /* GoogleService-Info.plist */; };
		3DDEA09A29CFB02300908558 /* EventDetailView.swift in Sources */ = {isa = PBXBuildFile; fileRef = 3DDEA09929CFB02300908558 /* EventDetailView.swift */; };
		3DDEA09C29CFB22800908558 /* CreateEventView.swift in Sources */ = {isa = PBXBuildFile; fileRef = 3DDEA09B29CFB22800908558 /* CreateEventView.swift */; };
		3DDEA0AA29CFF23F00908558 /* LaunchScreen.storyboard in Resources */ = {isa = PBXBuildFile; fileRef = 3DDEA0A929CFF23F00908558 /* LaunchScreen.storyboard */; };
		3DE81C5D2A6C93E80022506E /* ModernList.swift in Sources */ = {isa = PBXBuildFile; fileRef = 3DE81C5C2A6C93E80022506E /* ModernList.swift */; };
		3DE81C5F2A6CADAA0022506E /* ModernListParentView.swift in Sources */ = {isa = PBXBuildFile; fileRef = 3DE81C5E2A6CADAA0022506E /* ModernListParentView.swift */; };
		3DE81C612A6CB3E80022506E /* CircularProgressView.swift in Sources */ = {isa = PBXBuildFile; fileRef = 3DE81C602A6CB3E80022506E /* CircularProgressView.swift */; };
		3DE81C632A6CCBE20022506E /* ModernListChildView.swift in Sources */ = {isa = PBXBuildFile; fileRef = 3DE81C622A6CCBE20022506E /* ModernListChildView.swift */; };
/* End PBXBuildFile section */

/* Begin PBXContainerItemProxy section */
		3D807FD129CF255B00968D14 /* PBXContainerItemProxy */ = {
			isa = PBXContainerItemProxy;
			containerPortal = 3D807FB829CF255A00968D14 /* Project object */;
			proxyType = 1;
			remoteGlobalIDString = 3D807FBF29CF255A00968D14;
			remoteInfo = ListMyMemory;
		};
		3D807FDB29CF255B00968D14 /* PBXContainerItemProxy */ = {
			isa = PBXContainerItemProxy;
			containerPortal = 3D807FB829CF255A00968D14 /* Project object */;
			proxyType = 1;
			remoteGlobalIDString = 3D807FBF29CF255A00968D14;
			remoteInfo = ListMyMemory;
		};
/* End PBXContainerItemProxy section */

/* Begin PBXFileReference section */
		3D16D84E29DE54B100A2F51A /* Event.swift */ = {isa = PBXFileReference; lastKnownFileType = sourcecode.swift; path = Event.swift; sourceTree = "<group>"; };
		3D16D85229DE5CFF00A2F51A /* DateExtensions.swift */ = {isa = PBXFileReference; lastKnownFileType = sourcecode.swift; path = DateExtensions.swift; sourceTree = "<group>"; };
		3D46E1B92A61A12A0067FCC4 /* EventSuggestionView.swift */ = {isa = PBXFileReference; lastKnownFileType = sourcecode.swift; path = EventSuggestionView.swift; sourceTree = "<group>"; };
		3D46E1BC2A61A5C70067FCC4 /* ScreenNavigation.swift */ = {isa = PBXFileReference; lastKnownFileType = sourcecode.swift; path = ScreenNavigation.swift; sourceTree = "<group>"; };
		3D46E1BE2A61A6C20067FCC4 /* AppData.swift */ = {isa = PBXFileReference; lastKnownFileType = sourcecode.swift; path = AppData.swift; sourceTree = "<group>"; };
		3D46E1C12A61A7F60067FCC4 /* UIExtensinons.swift */ = {isa = PBXFileReference; lastKnownFileType = sourcecode.swift; path = UIExtensinons.swift; sourceTree = "<group>"; };
		3D46E1C32A61A8F60067FCC4 /* ImageConstants.swift */ = {isa = PBXFileReference; lastKnownFileType = sourcecode.swift; path = ImageConstants.swift; sourceTree = "<group>"; };
		3D46E1C52A61AA8B0067FCC4 /* ColorExtensions.swift */ = {isa = PBXFileReference; lastKnownFileType = sourcecode.swift; path = ColorExtensions.swift; sourceTree = "<group>"; };
		3D46E1C72A61AAD80067FCC4 /* StringExtensions.swift */ = {isa = PBXFileReference; lastKnownFileType = sourcecode.swift; path = StringExtensions.swift; sourceTree = "<group>"; };
		3D46E1C92A61AD7D0067FCC4 /* SecondaryButtonView.swift */ = {isa = PBXFileReference; lastKnownFileType = sourcecode.swift; path = SecondaryButtonView.swift; sourceTree = "<group>"; };
		3D46E1CD2A61CE000067FCC4 /* IntExtensions.swift */ = {isa = PBXFileReference; lastKnownFileType = sourcecode.swift; path = IntExtensions.swift; sourceTree = "<group>"; };
		3D46E1CF2A61CF450067FCC4 /* AlertUtils.swift */ = {isa = PBXFileReference; lastKnownFileType = sourcecode.swift; path = AlertUtils.swift; sourceTree = "<group>"; };
		3D46E1D42A61D75A0067FCC4 /* FontsConstants.swift */ = {isa = PBXFileReference; lastKnownFileType = sourcecode.swift; path = FontsConstants.swift; sourceTree = "<group>"; };
		3D46E1D62A61DFA80067FCC4 /* ColorConstants.swift */ = {isa = PBXFileReference; lastKnownFileType = sourcecode.swift; path = ColorConstants.swift; sourceTree = "<group>"; };
		3D46E1D82A61E7890067FCC4 /* LocalizableStrings.swift */ = {isa = PBXFileReference; lastKnownFileType = sourcecode.swift; path = LocalizableStrings.swift; sourceTree = "<group>"; };
		3D46E1DA2A61EF5A0067FCC4 /* Inter-Bold.ttf */ = {isa = PBXFileReference; lastKnownFileType = file; path = "Inter-Bold.ttf"; sourceTree = "<group>"; };
		3D46E1DB2A61EF5A0067FCC4 /* Inter-SemiBold.ttf */ = {isa = PBXFileReference; lastKnownFileType = file; path = "Inter-SemiBold.ttf"; sourceTree = "<group>"; };
		3D46E1DC2A61EF5A0067FCC4 /* Inter-Medium.ttf */ = {isa = PBXFileReference; lastKnownFileType = file; path = "Inter-Medium.ttf"; sourceTree = "<group>"; };
		3D46E1DD2A61EF5A0067FCC4 /* NeoSansStd-Regular.otf */ = {isa = PBXFileReference; lastKnownFileType = file; path = "NeoSansStd-Regular.otf"; sourceTree = "<group>"; };
		3D46E1DE2A61EF5A0067FCC4 /* NeoSansStd-Bold.otf */ = {isa = PBXFileReference; lastKnownFileType = file; path = "NeoSansStd-Bold.otf"; sourceTree = "<group>"; };
		3D46E1DF2A61EF5A0067FCC4 /* Inter-Regular.ttf */ = {isa = PBXFileReference; lastKnownFileType = file; path = "Inter-Regular.ttf"; sourceTree = "<group>"; };
		3D46E1E02A61EF5A0067FCC4 /* NeoSansStd-Medium.otf */ = {isa = PBXFileReference; lastKnownFileType = file; path = "NeoSansStd-Medium.otf"; sourceTree = "<group>"; };
		3D46E1E82A61F2370067FCC4 /* CustomComponentViews.swift */ = {isa = PBXFileReference; lastKnownFileType = sourcecode.swift; path = CustomComponentViews.swift; sourceTree = "<group>"; };
		3D46E1EB2A61F5CC0067FCC4 /* InAppWebView.swift */ = {isa = PBXFileReference; lastKnownFileType = sourcecode.swift; path = InAppWebView.swift; sourceTree = "<group>"; };
		3D46E1F72A6213250067FCC4 /* UIAppGradient.swift */ = {isa = PBXFileReference; lastKnownFileType = sourcecode.swift; path = UIAppGradient.swift; sourceTree = "<group>"; };
		3D46E1FB2A6227430067FCC4 /* NavigationBarTitleView.swift */ = {isa = PBXFileReference; lastKnownFileType = sourcecode.swift; path = NavigationBarTitleView.swift; sourceTree = "<group>"; };
		3D46E2012A6244570067FCC4 /* Singleton.swift */ = {isa = PBXFileReference; lastKnownFileType = sourcecode.swift; path = Singleton.swift; sourceTree = "<group>"; };
		3D46E2072A6249020067FCC4 /* en */ = {isa = PBXFileReference; lastKnownFileType = text.plist.strings; name = en; path = en.lproj/Localizable.strings; sourceTree = "<group>"; };
		3D46E20C2A62496A0067FCC4 /* es */ = {isa = PBXFileReference; lastKnownFileType = text.plist.strings; name = es; path = es.lproj/Localizable.strings; sourceTree = "<group>"; };
		3D46E2102A6278F30067FCC4 /* EventView.swift */ = {isa = PBXFileReference; lastKnownFileType = sourcecode.swift; path = EventView.swift; sourceTree = "<group>"; };
		3D46E2122A632A6F0067FCC4 /* WeeklyDaysRowView.swift */ = {isa = PBXFileReference; lastKnownFileType = sourcecode.swift; path = WeeklyDaysRowView.swift; sourceTree = "<group>"; };
		3D807FC029CF255A00968D14 /* ListMyMemory.app */ = {isa = PBXFileReference; explicitFileType = wrapper.application; includeInIndex = 0; path = ListMyMemory.app; sourceTree = BUILT_PRODUCTS_DIR; };
		3D807FC329CF255A00968D14 /* ListMyMemoryApp.swift */ = {isa = PBXFileReference; lastKnownFileType = sourcecode.swift; path = ListMyMemoryApp.swift; sourceTree = "<group>"; };
		3D807FC729CF255B00968D14 /* Assets.xcassets */ = {isa = PBXFileReference; lastKnownFileType = folder.assetcatalog; path = Assets.xcassets; sourceTree = "<group>"; };
		3D807FCA29CF255B00968D14 /* Preview Assets.xcassets */ = {isa = PBXFileReference; lastKnownFileType = folder.assetcatalog; path = "Preview Assets.xcassets"; sourceTree = "<group>"; };
		3D807FD029CF255B00968D14 /* ListMyMemoryTests.xctest */ = {isa = PBXFileReference; explicitFileType = wrapper.cfbundle; includeInIndex = 0; path = ListMyMemoryTests.xctest; sourceTree = BUILT_PRODUCTS_DIR; };
		3D807FD429CF255B00968D14 /* ListMyMemoryTests.swift */ = {isa = PBXFileReference; lastKnownFileType = sourcecode.swift; path = ListMyMemoryTests.swift; sourceTree = "<group>"; };
		3D807FDA29CF255B00968D14 /* ListMyMemoryUITests.xctest */ = {isa = PBXFileReference; explicitFileType = wrapper.cfbundle; includeInIndex = 0; path = ListMyMemoryUITests.xctest; sourceTree = BUILT_PRODUCTS_DIR; };
		3D807FDE29CF255B00968D14 /* ListMyMemoryUITests.swift */ = {isa = PBXFileReference; lastKnownFileType = sourcecode.swift; path = ListMyMemoryUITests.swift; sourceTree = "<group>"; };
		3D807FE029CF255B00968D14 /* ListMyMemoryUITestsLaunchTests.swift */ = {isa = PBXFileReference; lastKnownFileType = sourcecode.swift; path = ListMyMemoryUITestsLaunchTests.swift; sourceTree = "<group>"; };
		3D807FF829CF388700968D14 /* HomeView.swift */ = {isa = PBXFileReference; lastKnownFileType = sourcecode.swift; path = HomeView.swift; sourceTree = "<group>"; };
		3D80800929CF5FE800968D14 /* LoginView.swift */ = {isa = PBXFileReference; lastKnownFileType = sourcecode.swift; path = LoginView.swift; sourceTree = "<group>"; };
		3D80800D29CF61B800968D14 /* InputTextFieldView.swift */ = {isa = PBXFileReference; lastKnownFileType = sourcecode.swift; path = InputTextFieldView.swift; sourceTree = "<group>"; };
		3D80801029CF669100968D14 /* PreviewLayoutComponentModifier.swift */ = {isa = PBXFileReference; lastKnownFileType = sourcecode.swift; path = PreviewLayoutComponentModifier.swift; sourceTree = "<group>"; };
		3D80801229CF67F900968D14 /* InputPasswordView.swift */ = {isa = PBXFileReference; lastKnownFileType = sourcecode.swift; path = InputPasswordView.swift; sourceTree = "<group>"; };
		3D80801429CF6A3100968D14 /* PrimaryButtonView.swift */ = {isa = PBXFileReference; lastKnownFileType = sourcecode.swift; path = PrimaryButtonView.swift; sourceTree = "<group>"; };
		3DC0489A2A6636A200D822A2 /* EventService.swift */ = {isa = PBXFileReference; lastKnownFileType = sourcecode.swift; path = EventService.swift; sourceTree = "<group>"; };
		3DC0489C2A664B7900D822A2 /* EventViewModel.swift */ = {isa = PBXFileReference; lastKnownFileType = sourcecode.swift; path = EventViewModel.swift; sourceTree = "<group>"; };
		3DC0489E2A664D8200D822A2 /* FirebaseConstants.swift */ = {isa = PBXFileReference; lastKnownFileType = sourcecode.swift; path = FirebaseConstants.swift; sourceTree = "<group>"; };
		3DC048A42A68695800D822A2 /* ListsViewModel.swift */ = {isa = PBXFileReference; lastKnownFileType = sourcecode.swift; path = ListsViewModel.swift; sourceTree = "<group>"; };
		3DC048A62A68696F00D822A2 /* ListsService.swift */ = {isa = PBXFileReference; lastKnownFileType = sourcecode.swift; path = ListsService.swift; sourceTree = "<group>"; };
		3DDEA06629CF75E700908558 /* RegisterView.swift */ = {isa = PBXFileReference; lastKnownFileType = sourcecode.swift; path = RegisterView.swift; sourceTree = "<group>"; };
		3DDEA06829CF770600908558 /* CloseModifier.swift */ = {isa = PBXFileReference; lastKnownFileType = sourcecode.swift; path = CloseModifier.swift; sourceTree = "<group>"; };
		3DDEA06D29CF7BE600908558 /* ForgotPasswordView.swift */ = {isa = PBXFileReference; lastKnownFileType = sourcecode.swift; path = ForgotPasswordView.swift; sourceTree = "<group>"; };
		3DDEA07029CF7F4500908558 /* RegistrationDetails.swift */ = {isa = PBXFileReference; lastKnownFileType = sourcecode.swift; path = RegistrationDetails.swift; sourceTree = "<group>"; };
		3DDEA07329CF7FAC00908558 /* RegistrationService.swift */ = {isa = PBXFileReference; lastKnownFileType = sourcecode.swift; path = RegistrationService.swift; sourceTree = "<group>"; };
		3DDEA07629CF831500908558 /* RegistrationViewModel.swift */ = {isa = PBXFileReference; lastKnownFileType = sourcecode.swift; path = RegistrationViewModel.swift; sourceTree = "<group>"; };
		3DDEA07A29CF87A900908558 /* SessionUserDetails.swift */ = {isa = PBXFileReference; lastKnownFileType = sourcecode.swift; path = SessionUserDetails.swift; sourceTree = "<group>"; };
		3DDEA07D29CF87EF00908558 /* SessionService.swift */ = {isa = PBXFileReference; lastKnownFileType = sourcecode.swift; path = SessionService.swift; sourceTree = "<group>"; };
		3DDEA08029CF8D8D00908558 /* LoginCredentials.swift */ = {isa = PBXFileReference; lastKnownFileType = sourcecode.swift; path = LoginCredentials.swift; sourceTree = "<group>"; };
		3DDEA08329CF8DCE00908558 /* LoginService.swift */ = {isa = PBXFileReference; lastKnownFileType = sourcecode.swift; path = LoginService.swift; sourceTree = "<group>"; };
		3DDEA08629CF8F0900908558 /* LoginViewModel.swift */ = {isa = PBXFileReference; lastKnownFileType = sourcecode.swift; path = LoginViewModel.swift; sourceTree = "<group>"; };
		3DDEA08929CF92BB00908558 /* ForgotPasswordService.swift */ = {isa = PBXFileReference; lastKnownFileType = sourcecode.swift; path = ForgotPasswordService.swift; sourceTree = "<group>"; };
		3DDEA08C29CF941900908558 /* ForgotPasswordViewModel.swift */ = {isa = PBXFileReference; lastKnownFileType = sourcecode.swift; path = ForgotPasswordViewModel.swift; sourceTree = "<group>"; };
		3DDEA09029CFA11700908558 /* SettingsView.swift */ = {isa = PBXFileReference; lastKnownFileType = sourcecode.swift; path = SettingsView.swift; sourceTree = "<group>"; };
		3DDEA09229CFAA9100908558 /* EventRowView.swift */ = {isa = PBXFileReference; lastKnownFileType = sourcecode.swift; path = EventRowView.swift; sourceTree = "<group>"; };
		3DDEA09429CFAE8E00908558 /* GoogleService-Info.plist */ = {isa = PBXFileReference; lastKnownFileType = text.plist; path = "GoogleService-Info.plist"; sourceTree = SOURCE_ROOT; };
		3DDEA09929CFB02300908558 /* EventDetailView.swift */ = {isa = PBXFileReference; lastKnownFileType = sourcecode.swift; path = EventDetailView.swift; sourceTree = "<group>"; };
		3DDEA09B29CFB22800908558 /* CreateEventView.swift */ = {isa = PBXFileReference; lastKnownFileType = sourcecode.swift; path = CreateEventView.swift; sourceTree = "<group>"; };
		3DDEA0A429CFF0B800908558 /* Info.plist */ = {isa = PBXFileReference; lastKnownFileType = text.plist; path = Info.plist; sourceTree = "<group>"; };
		3DDEA0A929CFF23F00908558 /* LaunchScreen.storyboard */ = {isa = PBXFileReference; lastKnownFileType = file.storyboard; path = LaunchScreen.storyboard; sourceTree = "<group>"; };
		3DE81C5C2A6C93E80022506E /* ModernList.swift */ = {isa = PBXFileReference; lastKnownFileType = sourcecode.swift; path = ModernList.swift; sourceTree = "<group>"; };
		3DE81C5E2A6CADAA0022506E /* ModernListParentView.swift */ = {isa = PBXFileReference; lastKnownFileType = sourcecode.swift; path = ModernListParentView.swift; sourceTree = "<group>"; };
		3DE81C602A6CB3E80022506E /* CircularProgressView.swift */ = {isa = PBXFileReference; lastKnownFileType = sourcecode.swift; path = CircularProgressView.swift; sourceTree = "<group>"; };
		3DE81C622A6CCBE20022506E /* ModernListChildView.swift */ = {isa = PBXFileReference; lastKnownFileType = sourcecode.swift; path = ModernListChildView.swift; sourceTree = "<group>"; };
/* End PBXFileReference section */

/* Begin PBXFrameworksBuildPhase section */
		3D807FBD29CF255A00968D14 /* Frameworks */ = {
			isa = PBXFrameworksBuildPhase;
			buildActionMask = 2147483647;
			files = (
				3DDEA06329CF707D00908558 /* FirebaseDatabase in Frameworks */,
				3DDEA06129CF707D00908558 /* FirebaseAuth in Frameworks */,
			);
			runOnlyForDeploymentPostprocessing = 0;
		};
		3D807FCD29CF255B00968D14 /* Frameworks */ = {
			isa = PBXFrameworksBuildPhase;
			buildActionMask = 2147483647;
			files = (
			);
			runOnlyForDeploymentPostprocessing = 0;
		};
		3D807FD729CF255B00968D14 /* Frameworks */ = {
			isa = PBXFrameworksBuildPhase;
			buildActionMask = 2147483647;
			files = (
			);
			runOnlyForDeploymentPostprocessing = 0;
		};
/* End PBXFrameworksBuildPhase section */

/* Begin PBXGroup section */
		3D16D84429DE534E00A2F51A /* Services */ = {
			isa = PBXGroup;
			children = (
				3DC0489A2A6636A200D822A2 /* EventService.swift */,
			);
			path = Services;
			sourceTree = "<group>";
		};
		3D16D84529DE535A00A2F51A /* View Models */ = {
			isa = PBXGroup;
			children = (
				3DC0489C2A664B7900D822A2 /* EventViewModel.swift */,
			);
			path = "View Models";
			sourceTree = "<group>";
		};
		3D16D84629DE536E00A2F51A /* View Models */ = {
			isa = PBXGroup;
			children = (
				3DC048A42A68695800D822A2 /* ListsViewModel.swift */,
			);
			path = "View Models";
			sourceTree = "<group>";
		};
		3D16D84729DE537C00A2F51A /* Services */ = {
			isa = PBXGroup;
			children = (
				3DC048A62A68696F00D822A2 /* ListsService.swift */,
			);
			path = Services;
			sourceTree = "<group>";
		};
		3D16D84829DE539000A2F51A /* View Model */ = {
			isa = PBXGroup;
			children = (
			);
			path = "View Model";
			sourceTree = "<group>";
		};
		3D16D84929DE539E00A2F51A /* Service */ = {
			isa = PBXGroup;
			children = (
			);
			path = Service;
			sourceTree = "<group>";
		};
		3D16D84A29DE53C800A2F51A /* Models */ = {
			isa = PBXGroup;
			children = (
				3D16D84E29DE54B100A2F51A /* Event.swift */,
			);
			path = Models;
			sourceTree = "<group>";
		};
		3D16D84B29DE53D300A2F51A /* Models */ = {
			isa = PBXGroup;
			children = (
				3DE81C5C2A6C93E80022506E /* ModernList.swift */,
			);
			path = Models;
			sourceTree = "<group>";
		};
		3D16D85129DE5CD800A2F51A /* Utils */ = {
			isa = PBXGroup;
			children = (
				3D46E1D32A61D7060067FCC4 /* Fonts */,
				3D46E1BE2A61A6C20067FCC4 /* AppData.swift */,
				3D46E1D82A61E7890067FCC4 /* LocalizableStrings.swift */,
				3D46E1CF2A61CF450067FCC4 /* AlertUtils.swift */,
				3D46E1C32A61A8F60067FCC4 /* ImageConstants.swift */,
				3D46E1D42A61D75A0067FCC4 /* FontsConstants.swift */,
				3D46E1D62A61DFA80067FCC4 /* ColorConstants.swift */,
				3D46E1F72A6213250067FCC4 /* UIAppGradient.swift */,
			);
			path = Utils;
			sourceTree = "<group>";
		};
		3D46E1BB2A61A5810067FCC4 /* Navigation */ = {
			isa = PBXGroup;
			children = (
				3D46E1BC2A61A5C70067FCC4 /* ScreenNavigation.swift */,
			);
			path = Navigation;
			sourceTree = "<group>";
		};
		3D46E1C02A61A7D80067FCC4 /* Extensions */ = {
			isa = PBXGroup;
			children = (
				3D46E1C12A61A7F60067FCC4 /* UIExtensinons.swift */,
				3D46E1C52A61AA8B0067FCC4 /* ColorExtensions.swift */,
				3D46E1C72A61AAD80067FCC4 /* StringExtensions.swift */,
				3D16D85229DE5CFF00A2F51A /* DateExtensions.swift */,
				3D46E1CD2A61CE000067FCC4 /* IntExtensions.swift */,
			);
			path = Extensions;
			sourceTree = "<group>";
		};
		3D46E1D32A61D7060067FCC4 /* Fonts */ = {
			isa = PBXGroup;
			children = (
				3D46E1DA2A61EF5A0067FCC4 /* Inter-Bold.ttf */,
				3D46E1DC2A61EF5A0067FCC4 /* Inter-Medium.ttf */,
				3D46E1DF2A61EF5A0067FCC4 /* Inter-Regular.ttf */,
				3D46E1DB2A61EF5A0067FCC4 /* Inter-SemiBold.ttf */,
				3D46E1DE2A61EF5A0067FCC4 /* NeoSansStd-Bold.otf */,
				3D46E1E02A61EF5A0067FCC4 /* NeoSansStd-Medium.otf */,
				3D46E1DD2A61EF5A0067FCC4 /* NeoSansStd-Regular.otf */,
			);
			path = Fonts;
			sourceTree = "<group>";
		};
		3D46E1EA2A61F5B30067FCC4 /* InAppWebView */ = {
			isa = PBXGroup;
			children = (
				3D46E1EB2A61F5CC0067FCC4 /* InAppWebView.swift */,
			);
			path = InAppWebView;
			sourceTree = "<group>";
		};
		3D807FB729CF255A00968D14 = {
			isa = PBXGroup;
			children = (
				3D807FC229CF255A00968D14 /* ListMyMemory */,
				3D807FD329CF255B00968D14 /* ListMyMemoryTests */,
				3D807FDD29CF255B00968D14 /* ListMyMemoryUITests */,
				3D807FC129CF255A00968D14 /* Products */,
				3D807FFA29CF393700968D14 /* Frameworks */,
			);
			sourceTree = "<group>";
		};
		3D807FC129CF255A00968D14 /* Products */ = {
			isa = PBXGroup;
			children = (
				3D807FC029CF255A00968D14 /* ListMyMemory.app */,
				3D807FD029CF255B00968D14 /* ListMyMemoryTests.xctest */,
				3D807FDA29CF255B00968D14 /* ListMyMemoryUITests.xctest */,
			);
			name = Products;
			sourceTree = "<group>";
		};
		3D807FC229CF255A00968D14 /* ListMyMemory */ = {
			isa = PBXGroup;
			children = (
				3DDEA0A929CFF23F00908558 /* LaunchScreen.storyboard */,
				3D807FC329CF255A00968D14 /* ListMyMemoryApp.swift */,
				3D46E1BB2A61A5810067FCC4 /* Navigation */,
				3D80800B29CF615E00968D14 /* Base */,
				3D80800629CF5E5800968D14 /* Features */,
				3D807FC729CF255B00968D14 /* Assets.xcassets */,
				3DDEA0A429CFF0B800908558 /* Info.plist */,
				3DDEA09429CFAE8E00908558 /* GoogleService-Info.plist */,
				3D807FC929CF255B00968D14 /* Preview Content */,
				3D46E2082A6249020067FCC4 /* Localizable.strings */,
				3D46E20D2A62496A0067FCC4 /* Localizable.strings */,
			);
			path = ListMyMemory;
			sourceTree = "<group>";
		};
		3D807FC929CF255B00968D14 /* Preview Content */ = {
			isa = PBXGroup;
			children = (
				3D807FCA29CF255B00968D14 /* Preview Assets.xcassets */,
			);
			path = "Preview Content";
			sourceTree = "<group>";
		};
		3D807FD329CF255B00968D14 /* ListMyMemoryTests */ = {
			isa = PBXGroup;
			children = (
				3D807FD429CF255B00968D14 /* ListMyMemoryTests.swift */,
			);
			path = ListMyMemoryTests;
			sourceTree = "<group>";
		};
		3D807FDD29CF255B00968D14 /* ListMyMemoryUITests */ = {
			isa = PBXGroup;
			children = (
				3D807FDE29CF255B00968D14 /* ListMyMemoryUITests.swift */,
				3D807FE029CF255B00968D14 /* ListMyMemoryUITestsLaunchTests.swift */,
			);
			path = ListMyMemoryUITests;
			sourceTree = "<group>";
		};
		3D807FFA29CF393700968D14 /* Frameworks */ = {
			isa = PBXGroup;
			children = (
			);
			name = Frameworks;
			sourceTree = "<group>";
		};
		3D80800029CF444600968D14 /* Events */ = {
			isa = PBXGroup;
			children = (
				3D16D84A29DE53C800A2F51A /* Models */,
				3D16D84529DE535A00A2F51A /* View Models */,
				3D16D84429DE534E00A2F51A /* Services */,
				3DDEA09829CFB00A00908558 /* Views */,
			);
			path = Events;
			sourceTree = "<group>";
		};
		3D80800629CF5E5800968D14 /* Features */ = {
			isa = PBXGroup;
			children = (
				3DDEA0A129CFDFD200908558 /* AppFeatures */,
				3DDEA06A29CF7B9100908558 /* SessionFeatures */,
			);
			path = Features;
			sourceTree = "<group>";
		};
		3D80800729CF5E6800968D14 /* Login */ = {
			isa = PBXGroup;
			children = (
				3DDEA08529CF8EF400908558 /* View Model */,
				3DDEA08229CF8DBD00908558 /* Service */,
				3DDEA07F29CF8D4600908558 /* Model */,
				3D80800829CF5E7800968D14 /* View */,
			);
			path = Login;
			sourceTree = "<group>";
		};
		3D80800829CF5E7800968D14 /* View */ = {
			isa = PBXGroup;
			children = (
				3D80800929CF5FE800968D14 /* LoginView.swift */,
			);
			path = View;
			sourceTree = "<group>";
		};
		3D80800B29CF615E00968D14 /* Base */ = {
			isa = PBXGroup;
			children = (
				3D46E1C02A61A7D80067FCC4 /* Extensions */,
				3D16D85129DE5CD800A2F51A /* Utils */,
				3D80800F29CF664200968D14 /* Modifiers */,
				3D80800C29CF616700968D14 /* Views Components */,
				3D46E2012A6244570067FCC4 /* Singleton.swift */,
				3DC0489E2A664D8200D822A2 /* FirebaseConstants.swift */,
			);
			path = Base;
			sourceTree = "<group>";
		};
		3D80800C29CF616700968D14 /* Views Components */ = {
			isa = PBXGroup;
			children = (
				3D80800D29CF61B800968D14 /* InputTextFieldView.swift */,
				3D80801229CF67F900968D14 /* InputPasswordView.swift */,
				3D80801429CF6A3100968D14 /* PrimaryButtonView.swift */,
				3D46E1C92A61AD7D0067FCC4 /* SecondaryButtonView.swift */,
				3D46E1E82A61F2370067FCC4 /* CustomComponentViews.swift */,
				3D46E1FB2A6227430067FCC4 /* NavigationBarTitleView.swift */,
				3D46E2122A632A6F0067FCC4 /* WeeklyDaysRowView.swift */,
				3DE81C602A6CB3E80022506E /* CircularProgressView.swift */,
			);
			path = "Views Components";
			sourceTree = "<group>";
		};
		3D80800F29CF664200968D14 /* Modifiers */ = {
			isa = PBXGroup;
			children = (
				3D80801029CF669100968D14 /* PreviewLayoutComponentModifier.swift */,
				3DDEA06829CF770600908558 /* CloseModifier.swift */,
			);
			path = Modifiers;
			sourceTree = "<group>";
		};
		3DDEA06429CF75B700908558 /* Register */ = {
			isa = PBXGroup;
			children = (
				3DDEA07529CF82F700908558 /* View Model */,
				3DDEA07229CF7F8500908558 /* Service */,
				3DDEA06F29CF7F2600908558 /* Model */,
				3DDEA06529CF75BF00908558 /* View */,
			);
			path = Register;
			sourceTree = "<group>";
		};
		3DDEA06529CF75BF00908558 /* View */ = {
			isa = PBXGroup;
			children = (
				3DDEA06629CF75E700908558 /* RegisterView.swift */,
			);
			path = View;
			sourceTree = "<group>";
		};
		3DDEA06A29CF7B9100908558 /* SessionFeatures */ = {
			isa = PBXGroup;
			children = (
				3DDEA07829CF877100908558 /* Session */,
				3DDEA06B29CF7BBA00908558 /* ForgotPassword */,
				3D80800729CF5E6800968D14 /* Login */,
				3DDEA06429CF75B700908558 /* Register */,
			);
			path = SessionFeatures;
			sourceTree = "<group>";
		};
		3DDEA06B29CF7BBA00908558 /* ForgotPassword */ = {
			isa = PBXGroup;
			children = (
				3DDEA08B29CF93FC00908558 /* View Model */,
				3DDEA08829CF929D00908558 /* Service */,
				3DDEA06C29CF7BCF00908558 /* View */,
			);
			path = ForgotPassword;
			sourceTree = "<group>";
		};
		3DDEA06C29CF7BCF00908558 /* View */ = {
			isa = PBXGroup;
			children = (
				3DDEA06D29CF7BE600908558 /* ForgotPasswordView.swift */,
			);
			path = View;
			sourceTree = "<group>";
		};
		3DDEA06F29CF7F2600908558 /* Model */ = {
			isa = PBXGroup;
			children = (
				3DDEA07029CF7F4500908558 /* RegistrationDetails.swift */,
			);
			path = Model;
			sourceTree = "<group>";
		};
		3DDEA07229CF7F8500908558 /* Service */ = {
			isa = PBXGroup;
			children = (
				3DDEA07329CF7FAC00908558 /* RegistrationService.swift */,
			);
			path = Service;
			sourceTree = "<group>";
		};
		3DDEA07529CF82F700908558 /* View Model */ = {
			isa = PBXGroup;
			children = (
				3DDEA07629CF831500908558 /* RegistrationViewModel.swift */,
			);
			path = "View Model";
			sourceTree = "<group>";
		};
		3DDEA07829CF877100908558 /* Session */ = {
			isa = PBXGroup;
			children = (
				3DDEA07C29CF87DC00908558 /* Service */,
				3DDEA07929CF878800908558 /* Model */,
			);
			path = Session;
			sourceTree = "<group>";
		};
		3DDEA07929CF878800908558 /* Model */ = {
			isa = PBXGroup;
			children = (
				3DDEA07A29CF87A900908558 /* SessionUserDetails.swift */,
			);
			path = Model;
			sourceTree = "<group>";
		};
		3DDEA07C29CF87DC00908558 /* Service */ = {
			isa = PBXGroup;
			children = (
				3DDEA07D29CF87EF00908558 /* SessionService.swift */,
			);
			path = Service;
			sourceTree = "<group>";
		};
		3DDEA07F29CF8D4600908558 /* Model */ = {
			isa = PBXGroup;
			children = (
				3DDEA08029CF8D8D00908558 /* LoginCredentials.swift */,
			);
			path = Model;
			sourceTree = "<group>";
		};
		3DDEA08229CF8DBD00908558 /* Service */ = {
			isa = PBXGroup;
			children = (
				3DDEA08329CF8DCE00908558 /* LoginService.swift */,
			);
			path = Service;
			sourceTree = "<group>";
		};
		3DDEA08529CF8EF400908558 /* View Model */ = {
			isa = PBXGroup;
			children = (
				3DDEA08629CF8F0900908558 /* LoginViewModel.swift */,
			);
			path = "View Model";
			sourceTree = "<group>";
		};
		3DDEA08829CF929D00908558 /* Service */ = {
			isa = PBXGroup;
			children = (
				3DDEA08929CF92BB00908558 /* ForgotPasswordService.swift */,
			);
			path = Service;
			sourceTree = "<group>";
		};
		3DDEA08B29CF93FC00908558 /* View Model */ = {
			isa = PBXGroup;
			children = (
				3DDEA08C29CF941900908558 /* ForgotPasswordViewModel.swift */,
			);
			path = "View Model";
			sourceTree = "<group>";
		};
		3DDEA08E29CFA0F600908558 /* Settings */ = {
			isa = PBXGroup;
			children = (
				3D16D84929DE539E00A2F51A /* Service */,
				3D16D84829DE539000A2F51A /* View Model */,
				3DDEA08F29CFA10000908558 /* View */,
			);
			path = Settings;
			sourceTree = "<group>";
		};
		3DDEA08F29CFA10000908558 /* View */ = {
			isa = PBXGroup;
			children = (
				3DDEA09029CFA11700908558 /* SettingsView.swift */,
			);
			path = View;
			sourceTree = "<group>";
		};
		3DDEA09829CFB00A00908558 /* Views */ = {
			isa = PBXGroup;
			children = (
				3D807FF829CF388700968D14 /* HomeView.swift */,
				3DDEA09229CFAA9100908558 /* EventRowView.swift */,
				3D46E1B92A61A12A0067FCC4 /* EventSuggestionView.swift */,
				3DDEA09929CFB02300908558 /* EventDetailView.swift */,
				3DDEA09B29CFB22800908558 /* CreateEventView.swift */,
				3D46E2102A6278F30067FCC4 /* EventView.swift */,
			);
			path = Views;
			sourceTree = "<group>";
		};
		3DDEA09D29CFDE8800908558 /* Lists */ = {
			isa = PBXGroup;
			children = (
				3D16D84B29DE53D300A2F51A /* Models */,
				3D16D84729DE537C00A2F51A /* Services */,
				3D16D84629DE536E00A2F51A /* View Models */,
				3DDEA09E29CFDE9300908558 /* Views */,
			);
			path = Lists;
			sourceTree = "<group>";
		};
		3DDEA09E29CFDE9300908558 /* Views */ = {
			isa = PBXGroup;
			children = (
				3DE81C5E2A6CADAA0022506E /* ModernListParentView.swift */,
				3DE81C622A6CCBE20022506E /* ModernListChildView.swift */,
			);
			path = Views;
			sourceTree = "<group>";
		};
		3DDEA0A129CFDFD200908558 /* AppFeatures */ = {
			isa = PBXGroup;
			children = (
				3D46E1EA2A61F5B30067FCC4 /* InAppWebView */,
				3DDEA08E29CFA0F600908558 /* Settings */,
				3D80800029CF444600968D14 /* Events */,
				3DDEA09D29CFDE8800908558 /* Lists */,
			);
			path = AppFeatures;
			sourceTree = "<group>";
		};
/* End PBXGroup section */

/* Begin PBXNativeTarget section */
		3D807FBF29CF255A00968D14 /* ListMyMemory */ = {
			isa = PBXNativeTarget;
			buildConfigurationList = 3D807FE429CF255B00968D14 /* Build configuration list for PBXNativeTarget "ListMyMemory" */;
			buildPhases = (
				3D807FBC29CF255A00968D14 /* Sources */,
				3D807FBD29CF255A00968D14 /* Frameworks */,
				3D807FBE29CF255A00968D14 /* Resources */,
			);
			buildRules = (
			);
			dependencies = (
			);
			name = ListMyMemory;
			packageProductDependencies = (
				3DDEA06029CF707D00908558 /* FirebaseAuth */,
				3DDEA06229CF707D00908558 /* FirebaseDatabase */,
			);
			productName = ListMyMemory;
			productReference = 3D807FC029CF255A00968D14 /* ListMyMemory.app */;
			productType = "com.apple.product-type.application";
		};
		3D807FCF29CF255B00968D14 /* ListMyMemoryTests */ = {
			isa = PBXNativeTarget;
			buildConfigurationList = 3D807FE729CF255B00968D14 /* Build configuration list for PBXNativeTarget "ListMyMemoryTests" */;
			buildPhases = (
				3D807FCC29CF255B00968D14 /* Sources */,
				3D807FCD29CF255B00968D14 /* Frameworks */,
				3D807FCE29CF255B00968D14 /* Resources */,
			);
			buildRules = (
			);
			dependencies = (
				3D807FD229CF255B00968D14 /* PBXTargetDependency */,
			);
			name = ListMyMemoryTests;
			productName = ListMyMemoryTests;
			productReference = 3D807FD029CF255B00968D14 /* ListMyMemoryTests.xctest */;
			productType = "com.apple.product-type.bundle.unit-test";
		};
		3D807FD929CF255B00968D14 /* ListMyMemoryUITests */ = {
			isa = PBXNativeTarget;
			buildConfigurationList = 3D807FEA29CF255B00968D14 /* Build configuration list for PBXNativeTarget "ListMyMemoryUITests" */;
			buildPhases = (
				3D807FD629CF255B00968D14 /* Sources */,
				3D807FD729CF255B00968D14 /* Frameworks */,
				3D807FD829CF255B00968D14 /* Resources */,
			);
			buildRules = (
			);
			dependencies = (
				3D807FDC29CF255B00968D14 /* PBXTargetDependency */,
			);
			name = ListMyMemoryUITests;
			productName = ListMyMemoryUITests;
			productReference = 3D807FDA29CF255B00968D14 /* ListMyMemoryUITests.xctest */;
			productType = "com.apple.product-type.bundle.ui-testing";
		};
/* End PBXNativeTarget section */

/* Begin PBXProject section */
		3D807FB829CF255A00968D14 /* Project object */ = {
			isa = PBXProject;
			attributes = {
				BuildIndependentTargetsInParallel = 1;
				LastSwiftUpdateCheck = 1420;
				LastUpgradeCheck = 1420;
				TargetAttributes = {
					3D807FBF29CF255A00968D14 = {
						CreatedOnToolsVersion = 14.2;
					};
					3D807FCF29CF255B00968D14 = {
						CreatedOnToolsVersion = 14.2;
						TestTargetID = 3D807FBF29CF255A00968D14;
					};
					3D807FD929CF255B00968D14 = {
						CreatedOnToolsVersion = 14.2;
						TestTargetID = 3D807FBF29CF255A00968D14;
					};
				};
			};
			buildConfigurationList = 3D807FBB29CF255A00968D14 /* Build configuration list for PBXProject "ListMyMemory" */;
			compatibilityVersion = "Xcode 14.0";
			developmentRegion = en;
			hasScannedForEncodings = 0;
			knownRegions = (
				Base,
				en,
				es,
			);
			mainGroup = 3D807FB729CF255A00968D14;
			packageReferences = (
				3DDEA05F29CF707D00908558 /* XCRemoteSwiftPackageReference "firebase-ios-sdk" */,
			);
			productRefGroup = 3D807FC129CF255A00968D14 /* Products */;
			projectDirPath = "";
			projectRoot = "";
			targets = (
				3D807FBF29CF255A00968D14 /* ListMyMemory */,
				3D807FCF29CF255B00968D14 /* ListMyMemoryTests */,
				3D807FD929CF255B00968D14 /* ListMyMemoryUITests */,
			);
		};
/* End PBXProject section */

/* Begin PBXResourcesBuildPhase section */
		3D807FBE29CF255A00968D14 /* Resources */ = {
			isa = PBXResourcesBuildPhase;
			buildActionMask = 2147483647;
			files = (
				3D46E1E22A61EF5A0067FCC4 /* Inter-SemiBold.ttf in Resources */,
				3D807FCB29CF255B00968D14 /* Preview Assets.xcassets in Resources */,
				3D46E1E12A61EF5A0067FCC4 /* Inter-Bold.ttf in Resources */,
				3D807FC829CF255B00968D14 /* Assets.xcassets in Resources */,
				3D46E1E32A61EF5A0067FCC4 /* Inter-Medium.ttf in Resources */,
				3DDEA0AA29CFF23F00908558 /* LaunchScreen.storyboard in Resources */,
				3D46E2062A6249020067FCC4 /* Localizable.strings in Resources */,
				3D46E1E62A61EF5A0067FCC4 /* Inter-Regular.ttf in Resources */,
				3D46E1E42A61EF5A0067FCC4 /* NeoSansStd-Regular.otf in Resources */,
				3D46E1E72A61EF5A0067FCC4 /* NeoSansStd-Medium.otf in Resources */,
				3D46E1E52A61EF5A0067FCC4 /* NeoSansStd-Bold.otf in Resources */,
				3DDEA09529CFAE8E00908558 /* GoogleService-Info.plist in Resources */,
				3D46E20B2A62496A0067FCC4 /* Localizable.strings in Resources */,
			);
			runOnlyForDeploymentPostprocessing = 0;
		};
		3D807FCE29CF255B00968D14 /* Resources */ = {
			isa = PBXResourcesBuildPhase;
			buildActionMask = 2147483647;
			files = (
			);
			runOnlyForDeploymentPostprocessing = 0;
		};
		3D807FD829CF255B00968D14 /* Resources */ = {
			isa = PBXResourcesBuildPhase;
			buildActionMask = 2147483647;
			files = (
			);
			runOnlyForDeploymentPostprocessing = 0;
		};
/* End PBXResourcesBuildPhase section */

/* Begin PBXSourcesBuildPhase section */
		3D807FBC29CF255A00968D14 /* Sources */ = {
			isa = PBXSourcesBuildPhase;
			buildActionMask = 2147483647;
			files = (
				3DDEA08129CF8D8D00908558 /* LoginCredentials.swift in Sources */,
				3DDEA06729CF75E700908558 /* RegisterView.swift in Sources */,
				3DDEA07429CF7FAC00908558 /* RegistrationService.swift in Sources */,
				3D46E1D92A61E7890067FCC4 /* LocalizableStrings.swift in Sources */,
				3DE81C5D2A6C93E80022506E /* ModernList.swift in Sources */,
				3D46E1CE2A61CE000067FCC4 /* IntExtensions.swift in Sources */,
				3DDEA08D29CF941900908558 /* ForgotPasswordViewModel.swift in Sources */,
				3D46E1F82A6213250067FCC4 /* UIAppGradient.swift in Sources */,
				3DDEA06E29CF7BE600908558 /* ForgotPasswordView.swift in Sources */,
				3DDEA07729CF831500908558 /* RegistrationViewModel.swift in Sources */,
				3D46E1E92A61F2370067FCC4 /* CustomComponentViews.swift in Sources */,
				3D16D85329DE5CFF00A2F51A /* DateExtensions.swift in Sources */,
				3DC0489B2A6636A200D822A2 /* EventService.swift in Sources */,
				3D46E1D72A61DFA80067FCC4 /* ColorConstants.swift in Sources */,
				3DE81C5F2A6CADAA0022506E /* ModernListParentView.swift in Sources */,
				3D46E1D02A61CF450067FCC4 /* AlertUtils.swift in Sources */,
				3D46E1BD2A61A5C70067FCC4 /* ScreenNavigation.swift in Sources */,
				3DDEA07E29CF87EF00908558 /* SessionService.swift in Sources */,
				3DC0489F2A664D8200D822A2 /* FirebaseConstants.swift in Sources */,
				3D80801329CF67F900968D14 /* InputPasswordView.swift in Sources */,
				3D46E1C22A61A7F60067FCC4 /* UIExtensinons.swift in Sources */,
				3DDEA09A29CFB02300908558 /* EventDetailView.swift in Sources */,
				3DE81C612A6CB3E80022506E /* CircularProgressView.swift in Sources */,
				3DDEA07B29CF87A900908558 /* SessionUserDetails.swift in Sources */,
				3D80800A29CF5FE900968D14 /* LoginView.swift in Sources */,
				3D80801529CF6A3100968D14 /* PrimaryButtonView.swift in Sources */,
				3DC048A52A68695800D822A2 /* ListsViewModel.swift in Sources */,
				3D46E1BF2A61A6C20067FCC4 /* AppData.swift in Sources */,
				3D46E1EC2A61F5CC0067FCC4 /* InAppWebView.swift in Sources */,
				3D46E2132A632A6F0067FCC4 /* WeeklyDaysRowView.swift in Sources */,
				3D16D84F29DE54B100A2F51A /* Event.swift in Sources */,
				3DE81C632A6CCBE20022506E /* ModernListChildView.swift in Sources */,
				3D46E1C82A61AAD80067FCC4 /* StringExtensions.swift in Sources */,
				3DDEA07129CF7F4500908558 /* RegistrationDetails.swift in Sources */,
				3D46E1BA2A61A12A0067FCC4 /* EventSuggestionView.swift in Sources */,
				3DC048A72A68696F00D822A2 /* ListsService.swift in Sources */,
				3D46E1D52A61D75A0067FCC4 /* FontsConstants.swift in Sources */,
				3D807FF929CF388700968D14 /* HomeView.swift in Sources */,
				3DDEA06929CF770600908558 /* CloseModifier.swift in Sources */,
				3D46E1CA2A61AD7D0067FCC4 /* SecondaryButtonView.swift in Sources */,
				3DDEA08429CF8DCE00908558 /* LoginService.swift in Sources */,
				3DDEA09329CFAA9100908558 /* EventRowView.swift in Sources */,
				3DC0489D2A664B7900D822A2 /* EventViewModel.swift in Sources */,
				3D46E1FC2A6227430067FCC4 /* NavigationBarTitleView.swift in Sources */,
				3D46E1C42A61A8F60067FCC4 /* ImageConstants.swift in Sources */,
				3DDEA08A29CF92BB00908558 /* ForgotPasswordService.swift in Sources */,
				3D46E2022A6244570067FCC4 /* Singleton.swift in Sources */,
				3D807FC429CF255A00968D14 /* ListMyMemoryApp.swift in Sources */,
				3D80801129CF669100968D14 /* PreviewLayoutComponentModifier.swift in Sources */,
				3DDEA08729CF8F0900908558 /* LoginViewModel.swift in Sources */,
				3D46E2112A6278F30067FCC4 /* EventView.swift in Sources */,
				3DDEA09C29CFB22800908558 /* CreateEventView.swift in Sources */,
				3D80800E29CF61B800968D14 /* InputTextFieldView.swift in Sources */,
				3DDEA09129CFA11700908558 /* SettingsView.swift in Sources */,
				3D46E1C62A61AA8B0067FCC4 /* ColorExtensions.swift in Sources */,
			);
			runOnlyForDeploymentPostprocessing = 0;
		};
		3D807FCC29CF255B00968D14 /* Sources */ = {
			isa = PBXSourcesBuildPhase;
			buildActionMask = 2147483647;
			files = (
				3D807FD529CF255B00968D14 /* ListMyMemoryTests.swift in Sources */,
			);
			runOnlyForDeploymentPostprocessing = 0;
		};
		3D807FD629CF255B00968D14 /* Sources */ = {
			isa = PBXSourcesBuildPhase;
			buildActionMask = 2147483647;
			files = (
				3D807FDF29CF255B00968D14 /* ListMyMemoryUITests.swift in Sources */,
				3D807FE129CF255B00968D14 /* ListMyMemoryUITestsLaunchTests.swift in Sources */,
			);
			runOnlyForDeploymentPostprocessing = 0;
		};
/* End PBXSourcesBuildPhase section */

/* Begin PBXTargetDependency section */
		3D807FD229CF255B00968D14 /* PBXTargetDependency */ = {
			isa = PBXTargetDependency;
			target = 3D807FBF29CF255A00968D14 /* ListMyMemory */;
			targetProxy = 3D807FD129CF255B00968D14 /* PBXContainerItemProxy */;
		};
		3D807FDC29CF255B00968D14 /* PBXTargetDependency */ = {
			isa = PBXTargetDependency;
			target = 3D807FBF29CF255A00968D14 /* ListMyMemory */;
			targetProxy = 3D807FDB29CF255B00968D14 /* PBXContainerItemProxy */;
		};
/* End PBXTargetDependency section */

/* Begin PBXVariantGroup section */
		3D46E2082A6249020067FCC4 /* Localizable.strings */ = {
			isa = PBXVariantGroup;
			children = (
				3D46E2072A6249020067FCC4 /* en */,
			);
			name = Localizable.strings;
			sourceTree = "<group>";
		};
		3D46E20D2A62496A0067FCC4 /* Localizable.strings */ = {
			isa = PBXVariantGroup;
			children = (
				3D46E20C2A62496A0067FCC4 /* es */,
			);
			name = Localizable.strings;
			sourceTree = "<group>";
		};
/* End PBXVariantGroup section */

/* Begin XCBuildConfiguration section */
		3D807FE229CF255B00968D14 /* Debug */ = {
			isa = XCBuildConfiguration;
			buildSettings = {
				ALWAYS_SEARCH_USER_PATHS = NO;
				CLANG_ANALYZER_LOCALIZABILITY_NONLOCALIZED = YES;
				CLANG_ANALYZER_NONNULL = YES;
				CLANG_ANALYZER_NUMBER_OBJECT_CONVERSION = YES_AGGRESSIVE;
				CLANG_CXX_LANGUAGE_STANDARD = "gnu++20";
				CLANG_ENABLE_MODULES = YES;
				CLANG_ENABLE_OBJC_ARC = YES;
				CLANG_ENABLE_OBJC_WEAK = YES;
				CLANG_WARN_BLOCK_CAPTURE_AUTORELEASING = YES;
				CLANG_WARN_BOOL_CONVERSION = YES;
				CLANG_WARN_COMMA = YES;
				CLANG_WARN_CONSTANT_CONVERSION = YES;
				CLANG_WARN_DEPRECATED_OBJC_IMPLEMENTATIONS = YES;
				CLANG_WARN_DIRECT_OBJC_ISA_USAGE = YES_ERROR;
				CLANG_WARN_DOCUMENTATION_COMMENTS = YES;
				CLANG_WARN_EMPTY_BODY = YES;
				CLANG_WARN_ENUM_CONVERSION = YES;
				CLANG_WARN_INFINITE_RECURSION = YES;
				CLANG_WARN_INT_CONVERSION = YES;
				CLANG_WARN_NON_LITERAL_NULL_CONVERSION = YES;
				CLANG_WARN_OBJC_IMPLICIT_RETAIN_SELF = YES;
				CLANG_WARN_OBJC_LITERAL_CONVERSION = YES;
				CLANG_WARN_OBJC_ROOT_CLASS = YES_ERROR;
				CLANG_WARN_QUOTED_INCLUDE_IN_FRAMEWORK_HEADER = YES;
				CLANG_WARN_RANGE_LOOP_ANALYSIS = YES;
				CLANG_WARN_STRICT_PROTOTYPES = YES;
				CLANG_WARN_SUSPICIOUS_MOVE = YES;
				CLANG_WARN_UNGUARDED_AVAILABILITY = YES_AGGRESSIVE;
				CLANG_WARN_UNREACHABLE_CODE = YES;
				CLANG_WARN__DUPLICATE_METHOD_MATCH = YES;
				COPY_PHASE_STRIP = NO;
				DEBUG_INFORMATION_FORMAT = dwarf;
				ENABLE_STRICT_OBJC_MSGSEND = YES;
				ENABLE_TESTABILITY = YES;
				GCC_C_LANGUAGE_STANDARD = gnu11;
				GCC_DYNAMIC_NO_PIC = NO;
				GCC_NO_COMMON_BLOCKS = YES;
				GCC_OPTIMIZATION_LEVEL = 0;
				GCC_PREPROCESSOR_DEFINITIONS = (
					"DEBUG=1",
					"$(inherited)",
				);
				GCC_WARN_64_TO_32_BIT_CONVERSION = YES;
				GCC_WARN_ABOUT_RETURN_TYPE = YES_ERROR;
				GCC_WARN_UNDECLARED_SELECTOR = YES;
				GCC_WARN_UNINITIALIZED_AUTOS = YES_AGGRESSIVE;
				GCC_WARN_UNUSED_FUNCTION = YES;
				GCC_WARN_UNUSED_VARIABLE = YES;
				IPHONEOS_DEPLOYMENT_TARGET = 16.2;
				MTL_ENABLE_DEBUG_INFO = INCLUDE_SOURCE;
				MTL_FAST_MATH = YES;
				ONLY_ACTIVE_ARCH = YES;
				SDKROOT = iphoneos;
				SWIFT_ACTIVE_COMPILATION_CONDITIONS = DEBUG;
				SWIFT_OPTIMIZATION_LEVEL = "-Onone";
			};
			name = Debug;
		};
		3D807FE329CF255B00968D14 /* Release */ = {
			isa = XCBuildConfiguration;
			buildSettings = {
				ALWAYS_SEARCH_USER_PATHS = NO;
				CLANG_ANALYZER_LOCALIZABILITY_NONLOCALIZED = YES;
				CLANG_ANALYZER_NONNULL = YES;
				CLANG_ANALYZER_NUMBER_OBJECT_CONVERSION = YES_AGGRESSIVE;
				CLANG_CXX_LANGUAGE_STANDARD = "gnu++20";
				CLANG_ENABLE_MODULES = YES;
				CLANG_ENABLE_OBJC_ARC = YES;
				CLANG_ENABLE_OBJC_WEAK = YES;
				CLANG_WARN_BLOCK_CAPTURE_AUTORELEASING = YES;
				CLANG_WARN_BOOL_CONVERSION = YES;
				CLANG_WARN_COMMA = YES;
				CLANG_WARN_CONSTANT_CONVERSION = YES;
				CLANG_WARN_DEPRECATED_OBJC_IMPLEMENTATIONS = YES;
				CLANG_WARN_DIRECT_OBJC_ISA_USAGE = YES_ERROR;
				CLANG_WARN_DOCUMENTATION_COMMENTS = YES;
				CLANG_WARN_EMPTY_BODY = YES;
				CLANG_WARN_ENUM_CONVERSION = YES;
				CLANG_WARN_INFINITE_RECURSION = YES;
				CLANG_WARN_INT_CONVERSION = YES;
				CLANG_WARN_NON_LITERAL_NULL_CONVERSION = YES;
				CLANG_WARN_OBJC_IMPLICIT_RETAIN_SELF = YES;
				CLANG_WARN_OBJC_LITERAL_CONVERSION = YES;
				CLANG_WARN_OBJC_ROOT_CLASS = YES_ERROR;
				CLANG_WARN_QUOTED_INCLUDE_IN_FRAMEWORK_HEADER = YES;
				CLANG_WARN_RANGE_LOOP_ANALYSIS = YES;
				CLANG_WARN_STRICT_PROTOTYPES = YES;
				CLANG_WARN_SUSPICIOUS_MOVE = YES;
				CLANG_WARN_UNGUARDED_AVAILABILITY = YES_AGGRESSIVE;
				CLANG_WARN_UNREACHABLE_CODE = YES;
				CLANG_WARN__DUPLICATE_METHOD_MATCH = YES;
				COPY_PHASE_STRIP = NO;
				DEBUG_INFORMATION_FORMAT = "dwarf-with-dsym";
				ENABLE_NS_ASSERTIONS = NO;
				ENABLE_STRICT_OBJC_MSGSEND = YES;
				GCC_C_LANGUAGE_STANDARD = gnu11;
				GCC_NO_COMMON_BLOCKS = YES;
				GCC_WARN_64_TO_32_BIT_CONVERSION = YES;
				GCC_WARN_ABOUT_RETURN_TYPE = YES_ERROR;
				GCC_WARN_UNDECLARED_SELECTOR = YES;
				GCC_WARN_UNINITIALIZED_AUTOS = YES_AGGRESSIVE;
				GCC_WARN_UNUSED_FUNCTION = YES;
				GCC_WARN_UNUSED_VARIABLE = YES;
				IPHONEOS_DEPLOYMENT_TARGET = 16.2;
				MTL_ENABLE_DEBUG_INFO = NO;
				MTL_FAST_MATH = YES;
				SDKROOT = iphoneos;
				SWIFT_COMPILATION_MODE = wholemodule;
				SWIFT_OPTIMIZATION_LEVEL = "-O";
				VALIDATE_PRODUCT = YES;
			};
			name = Release;
		};
		3D807FE529CF255B00968D14 /* Debug */ = {
			isa = XCBuildConfiguration;
			buildSettings = {
				ASSETCATALOG_COMPILER_APPICON_NAME = AppIcon;
				"ASSETCATALOG_COMPILER_APPICON_NAME[sdk=iphoneos*]" = DevIcon;
				ASSETCATALOG_COMPILER_GLOBAL_ACCENT_COLOR_NAME = AccentColor;
				ASSETCATALOG_COMPILER_INCLUDE_ALL_APPICON_ASSETS = NO;
				CODE_SIGN_IDENTITY = "Apple Development";
				CODE_SIGN_STYLE = Automatic;
				CURRENT_PROJECT_VERSION = 1;
				DEVELOPMENT_ASSET_PATHS = "\"ListMyMemory/Preview Content\"";
				DEVELOPMENT_TEAM = KL6UG2Y24Z;
				ENABLE_PREVIEWS = NO;
				GENERATE_INFOPLIST_FILE = YES;
				INFOPLIST_FILE = ListMyMemory/Info.plist;
				INFOPLIST_KEY_CFBundleDisplayName = "List My Memory";
				INFOPLIST_KEY_LSApplicationCategoryType = "public.app-category.utilities";
				INFOPLIST_KEY_UIApplicationSceneManifest_Generation = YES;
				INFOPLIST_KEY_UIApplicationSupportsIndirectInputEvents = YES;
				INFOPLIST_KEY_UILaunchStoryboardName = LaunchScreen.storyboard;
				INFOPLIST_KEY_UIStatusBarStyle = "";
				INFOPLIST_KEY_UISupportedInterfaceOrientations = UIInterfaceOrientationPortrait;
				INFOPLIST_KEY_UISupportedInterfaceOrientations_iPad = "UIInterfaceOrientationLandscapeLeft UIInterfaceOrientationLandscapeRight UIInterfaceOrientationPortrait UIInterfaceOrientationPortraitUpsideDown";
				INFOPLIST_KEY_UIUserInterfaceStyle = Light;
				IPHONEOS_DEPLOYMENT_TARGET = 16.0;
				LD_RUNPATH_SEARCH_PATHS = (
					"$(inherited)",
					"@executable_path/Frameworks",
				);
				MARKETING_VERSION = 0.0.70;
				PRODUCT_BUNDLE_IDENTIFIER = "com.jorge.list-my-memory";
				PRODUCT_NAME = "$(TARGET_NAME)";
				PROVISIONING_PROFILE_SPECIFIER = "";
				SUPPORTED_PLATFORMS = "iphoneos iphonesimulator";
				SUPPORTS_MACCATALYST = NO;
				SUPPORTS_MAC_DESIGNED_FOR_IPHONE_IPAD = YES;
				SWIFT_EMIT_LOC_STRINGS = YES;
				SWIFT_VERSION = 5.0;
				TARGETED_DEVICE_FAMILY = 1;
			};
			name = Debug;
		};
		3D807FE629CF255B00968D14 /* Release */ = {
			isa = XCBuildConfiguration;
			buildSettings = {
				ASSETCATALOG_COMPILER_APPICON_NAME = AppIcon;
				ASSETCATALOG_COMPILER_GLOBAL_ACCENT_COLOR_NAME = AccentColor;
				ASSETCATALOG_COMPILER_INCLUDE_ALL_APPICON_ASSETS = NO;
				CODE_SIGN_IDENTITY = "Apple Development";
				CODE_SIGN_STYLE = Automatic;
				CURRENT_PROJECT_VERSION = 1;
				DEVELOPMENT_ASSET_PATHS = "\"ListMyMemory/Preview Content\"";
				DEVELOPMENT_TEAM = KL6UG2Y24Z;
				ENABLE_PREVIEWS = NO;
				GENERATE_INFOPLIST_FILE = YES;
				INFOPLIST_FILE = ListMyMemory/Info.plist;
				INFOPLIST_KEY_CFBundleDisplayName = "List My Memory";
				INFOPLIST_KEY_LSApplicationCategoryType = "public.app-category.utilities";
				INFOPLIST_KEY_UIApplicationSceneManifest_Generation = YES;
				INFOPLIST_KEY_UIApplicationSupportsIndirectInputEvents = YES;
				INFOPLIST_KEY_UILaunchStoryboardName = LaunchScreen.storyboard;
				INFOPLIST_KEY_UIStatusBarStyle = "";
				INFOPLIST_KEY_UISupportedInterfaceOrientations = UIInterfaceOrientationPortrait;
				INFOPLIST_KEY_UISupportedInterfaceOrientations_iPad = "UIInterfaceOrientationLandscapeLeft UIInterfaceOrientationLandscapeRight UIInterfaceOrientationPortrait UIInterfaceOrientationPortraitUpsideDown";
				INFOPLIST_KEY_UIUserInterfaceStyle = Light;
				IPHONEOS_DEPLOYMENT_TARGET = 16.0;
				LD_RUNPATH_SEARCH_PATHS = (
					"$(inherited)",
					"@executable_path/Frameworks",
				);
				MARKETING_VERSION = 0.0.70;
				PRODUCT_BUNDLE_IDENTIFIER = "com.jorge.list-my-memory";
				PRODUCT_NAME = "$(TARGET_NAME)";
				PROVISIONING_PROFILE_SPECIFIER = "";
				SUPPORTED_PLATFORMS = "iphoneos iphonesimulator";
				SUPPORTS_MACCATALYST = NO;
				SUPPORTS_MAC_DESIGNED_FOR_IPHONE_IPAD = YES;
				SWIFT_EMIT_LOC_STRINGS = YES;
				SWIFT_VERSION = 5.0;
				TARGETED_DEVICE_FAMILY = 1;
			};
			name = Release;
		};
		3D807FE829CF255B00968D14 /* Debug */ = {
			isa = XCBuildConfiguration;
			buildSettings = {
				ALWAYS_EMBED_SWIFT_STANDARD_LIBRARIES = YES;
				BUNDLE_LOADER = "$(TEST_HOST)";
				CODE_SIGN_STYLE = Automatic;
				CURRENT_PROJECT_VERSION = 1;
				DEVELOPMENT_TEAM = KL6UG2Y24Z;
				GENERATE_INFOPLIST_FILE = YES;
				IPHONEOS_DEPLOYMENT_TARGET = 16.2;
				MARKETING_VERSION = 1.0;
				PRODUCT_BUNDLE_IDENTIFIER = com.jorge.ListMyMemoryTests;
				PRODUCT_NAME = "$(TARGET_NAME)";
				SWIFT_EMIT_LOC_STRINGS = NO;
				SWIFT_VERSION = 5.0;
				TARGETED_DEVICE_FAMILY = "1,2";
				TEST_HOST = "$(BUILT_PRODUCTS_DIR)/ListMyMemory.app/$(BUNDLE_EXECUTABLE_FOLDER_PATH)/ListMyMemory";
			};
			name = Debug;
		};
		3D807FE929CF255B00968D14 /* Release */ = {
			isa = XCBuildConfiguration;
			buildSettings = {
				ALWAYS_EMBED_SWIFT_STANDARD_LIBRARIES = YES;
				BUNDLE_LOADER = "$(TEST_HOST)";
				CODE_SIGN_STYLE = Automatic;
				CURRENT_PROJECT_VERSION = 1;
				DEVELOPMENT_TEAM = KL6UG2Y24Z;
				GENERATE_INFOPLIST_FILE = YES;
				IPHONEOS_DEPLOYMENT_TARGET = 16.2;
				MARKETING_VERSION = 1.0;
				PRODUCT_BUNDLE_IDENTIFIER = com.jorge.ListMyMemoryTests;
				PRODUCT_NAME = "$(TARGET_NAME)";
				SWIFT_EMIT_LOC_STRINGS = NO;
				SWIFT_VERSION = 5.0;
				TARGETED_DEVICE_FAMILY = "1,2";
				TEST_HOST = "$(BUILT_PRODUCTS_DIR)/ListMyMemory.app/$(BUNDLE_EXECUTABLE_FOLDER_PATH)/ListMyMemory";
			};
			name = Release;
		};
		3D807FEB29CF255B00968D14 /* Debug */ = {
			isa = XCBuildConfiguration;
			buildSettings = {
				ALWAYS_EMBED_SWIFT_STANDARD_LIBRARIES = YES;
				CODE_SIGN_STYLE = Automatic;
				CURRENT_PROJECT_VERSION = 1;
				DEVELOPMENT_TEAM = KL6UG2Y24Z;
				GENERATE_INFOPLIST_FILE = YES;
				MARKETING_VERSION = 1.0;
				PRODUCT_BUNDLE_IDENTIFIER = com.jorge.ListMyMemoryUITests;
				PRODUCT_NAME = "$(TARGET_NAME)";
				SWIFT_EMIT_LOC_STRINGS = NO;
				SWIFT_VERSION = 5.0;
				TARGETED_DEVICE_FAMILY = "1,2";
				TEST_TARGET_NAME = ListMyMemory;
			};
			name = Debug;
		};
		3D807FEC29CF255B00968D14 /* Release */ = {
			isa = XCBuildConfiguration;
			buildSettings = {
				ALWAYS_EMBED_SWIFT_STANDARD_LIBRARIES = YES;
				CODE_SIGN_STYLE = Automatic;
				CURRENT_PROJECT_VERSION = 1;
				DEVELOPMENT_TEAM = KL6UG2Y24Z;
				GENERATE_INFOPLIST_FILE = YES;
				MARKETING_VERSION = 1.0;
				PRODUCT_BUNDLE_IDENTIFIER = com.jorge.ListMyMemoryUITests;
				PRODUCT_NAME = "$(TARGET_NAME)";
				SWIFT_EMIT_LOC_STRINGS = NO;
				SWIFT_VERSION = 5.0;
				TARGETED_DEVICE_FAMILY = "1,2";
				TEST_TARGET_NAME = ListMyMemory;
			};
			name = Release;
		};
/* End XCBuildConfiguration section */

/* Begin XCConfigurationList section */
		3D807FBB29CF255A00968D14 /* Build configuration list for PBXProject "ListMyMemory" */ = {
			isa = XCConfigurationList;
			buildConfigurations = (
				3D807FE229CF255B00968D14 /* Debug */,
				3D807FE329CF255B00968D14 /* Release */,
			);
			defaultConfigurationIsVisible = 0;
			defaultConfigurationName = Release;
		};
		3D807FE429CF255B00968D14 /* Build configuration list for PBXNativeTarget "ListMyMemory" */ = {
			isa = XCConfigurationList;
			buildConfigurations = (
				3D807FE529CF255B00968D14 /* Debug */,
				3D807FE629CF255B00968D14 /* Release */,
			);
			defaultConfigurationIsVisible = 0;
			defaultConfigurationName = Release;
		};
		3D807FE729CF255B00968D14 /* Build configuration list for PBXNativeTarget "ListMyMemoryTests" */ = {
			isa = XCConfigurationList;
			buildConfigurations = (
				3D807FE829CF255B00968D14 /* Debug */,
				3D807FE929CF255B00968D14 /* Release */,
			);
			defaultConfigurationIsVisible = 0;
			defaultConfigurationName = Release;
		};
		3D807FEA29CF255B00968D14 /* Build configuration list for PBXNativeTarget "ListMyMemoryUITests" */ = {
			isa = XCConfigurationList;
			buildConfigurations = (
				3D807FEB29CF255B00968D14 /* Debug */,
				3D807FEC29CF255B00968D14 /* Release */,
			);
			defaultConfigurationIsVisible = 0;
			defaultConfigurationName = Release;
		};
/* End XCConfigurationList section */

/* Begin XCRemoteSwiftPackageReference section */
		3DDEA05F29CF707D00908558 /* XCRemoteSwiftPackageReference "firebase-ios-sdk" */ = {
			isa = XCRemoteSwiftPackageReference;
			repositoryURL = "https://github.com/firebase/firebase-ios-sdk";
			requirement = {
				kind = upToNextMajorVersion;
				minimumVersion = 9.0.0;
			};
		};
/* End XCRemoteSwiftPackageReference section */

/* Begin XCSwiftPackageProductDependency section */
		3DDEA06029CF707D00908558 /* FirebaseAuth */ = {
			isa = XCSwiftPackageProductDependency;
			package = 3DDEA05F29CF707D00908558 /* XCRemoteSwiftPackageReference "firebase-ios-sdk" */;
			productName = FirebaseAuth;
		};
		3DDEA06229CF707D00908558 /* FirebaseDatabase */ = {
			isa = XCSwiftPackageProductDependency;
			package = 3DDEA05F29CF707D00908558 /* XCRemoteSwiftPackageReference "firebase-ios-sdk" */;
			productName = FirebaseDatabase;
		};
/* End XCSwiftPackageProductDependency section */
	};
	rootObject = 3D807FB829CF255A00968D14 /* Project object */;
}
